
Microsoft Visual Studio Solution File, Format Version 12.00
# Visual Studio 15
VisualStudioVersion = 15.0.28010.2016
MinimumVisualStudioVersion = 10.0.40219.1
Project("{FAE04EC0-301F-11D3-BF4B-00C04F79EFBC}") = "MvcMovie", "MvcMovie\MvcMovie.csproj", "{0BC9EE4F-CEC6-4CD7-8740-110E1C7012DD}"
EndProject
Global
	GlobalSection(SolutionConfigurationPlatforms) = preSolution
		Debug|Any CPU = Debug|Any CPU
		Release|Any CPU = Release|Any CPU
	EndGlobalSection
	GlobalSection(ProjectConfigurationPlatforms) = postSolution
		{0BC9EE4F-CEC6-4CD7-8740-110E1C7012DD}.Debug|Any CPU.ActiveCfg = Debug|Any CPU
		{0BC9EE4F-CEC6-4CD7-8740-110E1C7012DD}.Debug|Any CPU.Build.0 = Debug|Any CPU
		{0BC9EE4F-CEC6-4CD7-8740-110E1C7012DD}.Release|Any CPU.ActiveCfg = Release|Any CPU
		{0BC9EE4F-CEC6-4CD7-8740-110E1C7012DD}.Release|Any CPU.Build.0 = Release|Any CPU
	EndGlobalSection
	GlobalSection(SolutionProperties) = preSolution
		HideSolutionNode = FALSE
	EndGlobalSection
	GlobalSection(ExtensibilityGlobals) = postSolution
		SolutionGuid = {5467954B-56F4-45BE-A4F3-AAA495045F7F}
	EndGlobalSection
EndGlobal
